
Microsoft Visual Studio Solution File, Format Version 12.00
# Visual Studio Version 16
VisualStudioVersion = 16.0.29911.84
MinimumVisualStudioVersion = 10.0.40219.1
Project("{FAE04EC0-301F-11D3-BF4B-00C04F79EFBC}") = "SmsApps.PixelEngineFun", "SmsApps.PixelEngineFun\SmsApps.PixelEngineFun.csproj", "{B62A1CA4-B4B1-4DAA-B736-E24A2159FAD9}"
EndProject
Project("{2150E333-8FDC-42A3-9474-1A3956D46DE8}") = "Libraries", "Libraries", "{9E1CDC37-3D77-4438-AC1B-9A366F2EF2B0}"
	ProjectSection(SolutionItems) = preProject
		Libraries\PixelEngine.dll = Libraries\PixelEngine.dll
		Libraries\PixelEngine.pdb = Libraries\PixelEngine.pdb
		Libraries\PixelEngine.xml = Libraries\PixelEngine.xml
	EndProjectSection
EndProject
Global
	GlobalSection(SolutionConfigurationPlatforms) = preSolution
		Debug|Any CPU = Debug|Any CPU
		Release|Any CPU = Release|Any CPU
	EndGlobalSection
	GlobalSection(ProjectConfigurationPlatforms) = postSolution
		{B62A1CA4-B4B1-4DAA-B736-E24A2159FAD9}.Debug|Any CPU.ActiveCfg = Debug|Any CPU
		{B62A1CA4-B4B1-4DAA-B736-E24A2159FAD9}.Debug|Any CPU.Build.0 = Debug|Any CPU
		{B62A1CA4-B4B1-4DAA-B736-E24A2159FAD9}.Release|Any CPU.ActiveCfg = Release|Any CPU
		{B62A1CA4-B4B1-4DAA-B736-E24A2159FAD9}.Release|Any CPU.Build.0 = Release|Any CPU
	EndGlobalSection
	GlobalSection(SolutionProperties) = preSolution
		HideSolutionNode = FALSE
	EndGlobalSection
	GlobalSection(ExtensibilityGlobals) = postSolution
		SolutionGuid = {6B3A9AAE-EC45-4DD8-9BB5-A53A6990468E}
	EndGlobalSection
EndGlobal
